<Solution>
  <Configurations>
    <BuildType Name="Release" />
  </Configurations>
  <Project Path="RepairingPriority/RepairingPriority.csproj" />
  <Folder Name="/.github/">
    <File Path="../.github/copilot-instructions.md" />
  </Folder>
  <Folder Name="/XML/1.6/Patches/">
    <File Path="../1.6/Patches/WorkGiverPatch.xml" />
  </Folder>
  <Folder Name="/XML/Languages/English/Keyed/">
    <File Path="../Languages/English/Keyed/RepairingPriority.xml" />
  </Folder>
  <Folder Name="/XML/About/">
    <File Path="../About/about.xml" />
  </Folder>
</Solution>